{
  "name": "test-console",
  "version": "0.0.1",
  "lockfileVersion": 3,
  "requires": true,
  "packages": {
    "": {
      "name": "test-console",
      "version": "0.0.1",
      "dependencies": {
        "@types/node": "^17.0.35",
        "msmc": "file:../../"
      },
      "devDependencies": {
        "nwjs-types": "^1.0.0"
      }
    },
    "../..": {
      "name": "msmc",
      "version": "5.0.4",
      "funding": [
        {
          "type": "paypal",
          "url": "https://paypal.me/hanro50"
        }
      ],
      "license": "MIT",
      "dependencies": {
        "node-fetch": "2.x",
        "tslib": "^2.6.2"
      },
      "devDependencies": {
        "@types/node": "^20.8.9",
        "@types/node-fetch": "^2.x",
        "typescript": "^5.2.2"
      },
      "engines": {
        "node": ">=14.17.3"
      }
    },
    "node_modules/@types/node": {
      "version": "17.0.45",
      "resolved": "https://registry.npmjs.org/@types/node/-/node-17.0.45.tgz",
      "integrity": "sha512-w+tIMs3rq2afQdsPJlODhoUEKzFP1ayaoyl1CcnwtIlsVe7K7bA1NGm4s3PraqTLlXnbIN84zuBlxBWo1u9BLw=="
    },
    "node_modules/msmc": {
      "resolved": "../..",
      "link": true
    },
    "node_modules/nwjs-types": {
      "version": "1.0.0",
      "resolved": "https://registry.npmjs.org/nwjs-types/-/nwjs-types-1.0.0.tgz",
      "integrity": "sha512-lMOCPWuUIK5/g+3cPj/E1Z1dw+kjCpdT+7s9LqbY4AM9WMy76QOZ3Kk+c983GTKadkRrWazOKThhTUDgpl898A==",
      "dev": true,
      "dependencies": {
        "@types/node": "^11.11.3"
      }
    },
    "node_modules/nwjs-types/node_modules/@types/node": {
      "version": "11.15.54",
      "resolved": "https://registry.npmjs.org/@types/node/-/node-11.15.54.tgz",
      "integrity": "sha512-1RWYiq+5UfozGsU6MwJyFX6BtktcT10XRjvcAQmskCtMcW3tPske88lM/nHv7BQG1w9KBXI1zPGuu5PnNCX14g==",
      "dev": true
    }
  }
}
